Microsoft Visual Studio Solution File, Format Version 12.00
# Visual Studio Version 17
VisualStudioVersion = 17.5.2.0
MinimumVisualStudioVersion = 10.0.40219.1
Project("{FAE04EC0-301F-11D3-BF4B-00C04F79EFBC}") = "elasticsearch-connect", "elasticsearch-connect\elasticsearch-connect.csproj", "{9517EBDD-8733-69F9-F6F5-F5811A00F491}"
EndProject
Global
	GlobalSection(SolutionConfigurationPlatforms) = preSolution
		Debug|Any CPU = Debug|Any CPU
		Release|Any CPU = Release|Any CPU
	EndGlobalSection
	GlobalSection(ProjectConfigurationPlatforms) = postSolution
		{9517EBDD-8733-69F9-F6F5-F5811A00F491}.Debug|Any CPU.ActiveCfg = Debug|Any CPU
		{9517EBDD-8733-69F9-F6F5-F5811A00F491}.Debug|Any CPU.Build.0 = Debug|Any CPU
		{9517EBDD-8733-69F9-F6F5-F5811A00F491}.Release|Any CPU.ActiveCfg = Release|Any CPU
		{9517EBDD-8733-69F9-F6F5-F5811A00F491}.Release|Any CPU.Build.0 = Release|Any CPU
	EndGlobalSection
	GlobalSection(SolutionProperties) = preSolution
		HideSolutionNode = FALSE
	EndGlobalSection
	GlobalSection(ExtensibilityGlobals) = postSolution
		SolutionGuid = {68D7456C-1C32-4359-A717-560CFF497095}
	EndGlobalSection
EndGlobal
